dependencies:
- name: demobank-common
  repository: file://../../demobank-common
  version: 0.1.0
- name: configserver
  repository: file://../../demobank-services/configserver
  version: 0.1.0
- name: accounts
  repository: file://../../demobank-services/accounts
  version: 0.1.0
- name: cards
  repository: file://../../demobank-services/cards
  version: 0.1.0
- name: loans
  repository: file://../../demobank-services/loans
  version: 0.1.0
- name: gatewayserver
  repository: file://../../demobank-services/gatewayserver
  version: 0.1.0
- name: message
  repository: file://../../demobank-services/message
  version: 0.1.0
digest: sha256:d123ffe56e280273c4764ec2935f418ba5943f7c8de6554d1907d2991c44a5c3
generated: "2025-03-01T01:02:08.7970094+05:30"
